// !$*UTF8*$!
{
	archiveVersion = 1;
	classes = {
	};
	objectVersion = 46;
	objects = {

/* Begin PBXBuildFile section */
		F29B1F1F1E1645AA001B5328 /* AppDelegate.swift in Sources */ = {isa = PBXBuildFile; fileRef = F29B1F1E1E1645AA001B5328 /* AppDelegate.swift */; };
		F29B1F211E1645AA001B5328 /* ViewController.swift in Sources */ = {isa = PBXBuildFile; fileRef = F29B1F201E1645AA001B5328 /* ViewController.swift */; };
		F29B1F241E1645AA001B5328 /* Main.storyboard in Resources */ = {isa = PBXBuildFile; fileRef = F29B1F221E1645AA001B5328 /* Main.storyboard */; };
		F29B1F261E1645AA001B5328 /* Assets.xcassets in Resources */ = {isa = PBXBuildFile; fileRef = F29B1F251E1645AA001B5328 /* Assets.xcassets */; };
		F29B1F291E1645AA001B5328 /* LaunchScreen.storyboard in Resources */ = {isa = PBXBuildFile; fileRef = F29B1F271E1645AA001B5328 /* LaunchScreen.storyboard */; };
		F29B1F341E1645AA001B5328 /* counterTests.swift in Sources */ = {isa = PBXBuildFile; fileRef = F29B1F331E1645AA001B5328 /* counterTests.swift */; };
		F29B1F3F1E1645AA001B5328 /* counterUITests.swift in Sources */ = {isa = PBXBuildFile; fileRef = F29B1F3E1E1645AA001B5328 /* counterUITests.swift */; };
/* End PBXBuildFile section */

/* Begin PBXContainerItemProxy section */
		F29B1F301E1645AA001B5328 /* PBXContainerItemProxy */ = {
			isa = PBXContainerItemProxy;
			containerPortal = F29B1F131E1645A9001B5328 /* Project object */;
			proxyType = 1;
			remoteGlobalIDString = F29B1F1A1E1645A9001B5328;
			remoteInfo = counter;
		};
		F29B1F3B1E1645AA001B5328 /* PBXContainerItemProxy */ = {
			isa = PBXContainerItemProxy;
			containerPortal = F29B1F131E1645A9001B5328 /* Project object */;
			proxyType = 1;
			remoteGlobalIDString = F29B1F1A1E1645A9001B5328;
			remoteInfo = counter;
		};
/* End PBXContainerItemProxy section */

/* Begin PBXFileReference section */
		F29B1F1B1E1645AA001B5328 /* counter.app */ = {isa = PBXFileReference; explicitFileType = wrapper.application; includeInIndex = 0; path = counter.app; sourceTree = BUILT_PRODUCTS_DIR; };
		F29B1F1E1E1645AA001B5328 /* AppDelegate.swift */ = {isa = PBXFileReference; lastKnownFileType = sourcecode.swift; path = AppDelegate.swift; sourceTree = "<group>"; };
		F29B1F201E1645AA001B5328 /* ViewController.swift */ = {isa = PBXFileReference; lastKnownFileType = sourcecode.swift; path = ViewController.swift; sourceTree = "<group>"; };
		F29B1F231E1645AA001B5328 /* Base */ = {isa = PBXFileReference; lastKnownFileType = file.storyboard; name = Base; path = Base.lproj/Main.storyboard; sourceTree = "<group>"; };
		F29B1F251E1645AA001B5328 /* Assets.xcassets */ = {isa = PBXFileReference; lastKnownFileType = folder.assetcatalog; path = Assets.xcassets; sourceTree = "<group>"; };
		F29B1F281E1645AA001B5328 /* Base */ = {isa = PBXFileReference; lastKnownFileType = file.storyboard; name = Base; path = Base.lproj/LaunchScreen.storyboard; sourceTree = "<group>"; };
		F29B1F2A1E1645AA001B5328 /* Info.plist */ = {isa = PBXFileReference; lastKnownFileType = text.plist.xml; path = Info.plist; sourceTree = "<group>"; };
		F29B1F2F1E1645AA001B5328 /* counterTests.xctest */ = {isa = PBXFileReference; explicitFileType = wrapper.cfbundle; includeInIndex = 0; path = counterTests.xctest; sourceTree = BUILT_PRODUCTS_DIR; };
		F29B1F331E1645AA001B5328 /* counterTests.swift */ = {isa = PBXFileReference; lastKnownFileType = sourcecode.swift; path = counterTests.swift; sourceTree = "<group>"; };
		F29B1F351E1645AA001B5328 /* Info.plist */ = {isa = PBXFileReference; lastKnownFileType = text.plist.xml; path = Info.plist; sourceTree = "<group>"; };
		F29B1F3A1E1645AA001B5328 /* counterUITests.xctest */ = {isa = PBXFileReference; explicitFileType = wrapper.cfbundle; includeInIndex = 0; path = counterUITests.xctest; sourceTree = BUILT_PRODUCTS_DIR; };
		F29B1F3E1E1645AA001B5328 /* counterUITests.swift */ = {isa = PBXFileReference; lastKnownFileType = sourcecode.swift; path = counterUITests.swift; sourceTree = "<group>"; };
		F29B1F401E1645AA001B5328 /* Info.plist */ = {isa = PBXFileReference; lastKnownFileType = text.plist.xml; path = Info.plist; sourceTree = "<group>"; };
/* End PBXFileReference section */

/* Begin PBXFrameworksBuildPhase section */
		F29B1F181E1645A9001B5328 /* Frameworks */ = {
			isa = PBXFrameworksBuildPhase;
			buildActionMask = 2147483647;
			files = (
			);
			runOnlyForDeploymentPostprocessing = 0;
		};
		F29B1F2C1E1645AA001B5328 /* Frameworks */ = {
			isa = PBXFrameworksBuildPhase;
			buildActionMask = 2147483647;
			files = (
			);
			runOnlyForDeploymentPostprocessing = 0;
		};
		F29B1F371E1645AA001B5328 /* Frameworks */ = {
			isa = PBXFrameworksBuildPhase;
			buildActionMask = 2147483647;
			files = (
			);
			runOnlyForDeploymentPostprocessing = 0;
		};
/* End PBXFrameworksBuildPhase section */

/* Begin PBXGroup section */
		F29B1F121E1645A9001B5328 = {
			isa = PBXGroup;
			children = (
				F29B1F1D1E1645AA001B5328 /* counter */,
				F29B1F321E1645AA001B5328 /* counterTests */,
				F29B1F3D1E1645AA001B5328 /* counterUITests */,
				F29B1F1C1E1645AA001B5328 /* Products */,
			);
			sourceTree = "<group>";
		};
		F29B1F1C1E1645AA001B5328 /* Products */ = {
			isa = PBXGroup;
			children = (
				F29B1F1B1E1645AA001B5328 /* counter.app */,
				F29B1F2F1E1645AA001B5328 /* counterTests.xctest */,
				F29B1F3A1E1645AA001B5328 /* counterUITests.xctest */,
			);
			name = Products;
			sourceTree = "<group>";
		};
		F29B1F1D1E1645AA001B5328 /* counter */ = {
			isa = PBXGroup;
			children = (
				F29B1F1E1E1645AA001B5328 /* AppDelegate.swift */,
				F29B1F201E1645AA001B5328 /* ViewController.swift */,
				F29B1F221E1645AA001B5328 /* Main.storyboard */,
				F29B1F251E1645AA001B5328 /* Assets.xcassets */,
				F29B1F271E1645AA001B5328 /* LaunchScreen.storyboard */,
				F29B1F2A1E1645AA001B5328 /* Info.plist */,
			);
			path = counter;
			sourceTree = "<group>";
		};
		F29B1F321E1645AA001B5328 /* counterTests */ = {
			isa = PBXGroup;
			children = (
				F29B1F331E1645AA001B5328 /* counterTests.swift */,
				F29B1F351E1645AA001B5328 /* Info.plist */,
			);
			path = counterTests;
			sourceTree = "<group>";
		};
		F29B1F3D1E1645AA001B5328 /* counterUITests */ = {
			isa = PBXGroup;
			children = (
				F29B1F3E1E1645AA001B5328 /* counterUITests.swift */,
				F29B1F401E1645AA001B5328 /* Info.plist */,
			);
			path = counterUITests;
			sourceTree = "<group>";
		};
/* End PBXGroup section */

/* Begin PBXNativeTarget section */
		F29B1F1A1E1645A9001B5328 /* counter */ = {
			isa = PBXNativeTarget;
			buildConfigurationList = F29B1F431E1645AA001B5328 /* Build configuration list for PBXNativeTarget "counter" */;
			buildPhases = (
				F29B1F171E1645A9001B5328 /* Sources */,
				F29B1F181E1645A9001B5328 /* Frameworks */,
				F29B1F191E1645A9001B5328 /* Resources */,
			);
			buildRules = (
			);
			dependencies = (
			);
			name = counter;
			productName = counter;
			productReference = F29B1F1B1E1645AA001B5328 /* counter.app */;
			productType = "com.apple.product-type.application";
		};
		F29B1F2E1E1645AA001B5328 /* counterTests */ = {
			isa = PBXNativeTarget;
			buildConfigurationList = F29B1F461E1645AA001B5328 /* Build configuration list for PBXNativeTarget "counterTests" */;
			buildPhases = (
				F29B1F2B1E1645AA001B5328 /* Sources */,
				F29B1F2C1E1645AA001B5328 /* Frameworks */,
				F29B1F2D1E1645AA001B5328 /* Resources */,
			);
			buildRules = (
			);
			dependencies = (
				F29B1F311E1645AA001B5328 /* PBXTargetDependency */,
			);
			name = counterTests;
			productName = counterTests;
			productReference = F29B1F2F1E1645AA001B5328 /* counterTests.xctest */;
			productType = "com.apple.product-type.bundle.unit-test";
		};
		F29B1F391E1645AA001B5328 /* counterUITests */ = {
			isa = PBXNativeTarget;
			buildConfigurationList = F29B1F491E1645AA001B5328 /* Build configuration list for PBXNativeTarget "counterUITests" */;
			buildPhases = (
				F29B1F361E1645AA001B5328 /* Sources */,
				F29B1F371E1645AA001B5328 /* Frameworks */,
				F29B1F381E1645AA001B5328 /* Resources */,
			);
			buildRules = (
			);
			dependencies = (
				F29B1F3C1E1645AA001B5328 /* PBXTargetDependency */,
			);
			name = counterUITests;
			productName = counterUITests;
			productReference = F29B1F3A1E1645AA001B5328 /* counterUITests.xctest */;
			productType = "com.apple.product-type.bundle.ui-testing";
		};
/* End PBXNativeTarget section */

/* Begin PBXProject section */
		F29B1F131E1645A9001B5328 /* Project object */ = {
			isa = PBXProject;
			attributes = {
				LastSwiftUpdateCheck = 0820;
				LastUpgradeCheck = 0820;
				ORGANIZATIONNAME = "Syed Shahrukh Haider";
				TargetAttributes = {
					F29B1F1A1E1645A9001B5328 = {
						CreatedOnToolsVersion = 8.2;
						ProvisioningStyle = Automatic;
					};
					F29B1F2E1E1645AA001B5328 = {
						CreatedOnToolsVersion = 8.2;
						ProvisioningStyle = Automatic;
						TestTargetID = F29B1F1A1E1645A9001B5328;
					};
					F29B1F391E1645AA001B5328 = {
						CreatedOnToolsVersion = 8.2;
						ProvisioningStyle = Automatic;
						TestTargetID = F29B1F1A1E1645A9001B5328;
					};
				};
			};
			buildConfigurationList = F29B1F161E1645A9001B5328 /* Build configuration list for PBXProject "counter" */;
			compatibilityVersion = "Xcode 3.2";
			developmentRegion = English;
			hasScannedForEncodings = 0;
			knownRegions = (
				en,
				Base,
			);
			mainGroup = F29B1F121E1645A9001B5328;
			productRefGroup = F29B1F1C1E1645AA001B5328 /* Products */;
			projectDirPath = "";
			projectRoot = "";
			targets = (
				F29B1F1A1E1645A9001B5328 /* counter */,
				F29B1F2E1E1645AA001B5328 /* counterTests */,
				F29B1F391E1645AA001B5328 /* counterUITests */,
			);
		};
/* End PBXProject section */

/* Begin PBXResourcesBuildPhase section */
		F29B1F191E1645A9001B5328 /* Resources */ = {
			isa = PBXResourcesBuildPhase;
			buildActionMask = 2147483647;
			files = (
				F29B1F291E1645AA001B5328 /* LaunchScreen.storyboard in Resources */,
				F29B1F261E1645AA001B5328 /* Assets.xcassets in Resources */,
				F29B1F241E1645AA001B5328 /* Main.storyboard in Resources */,
			);
			runOnlyForDeploymentPostprocessing = 0;
		};
		F29B1F2D1E1645AA001B5328 /* Resources */ = {
			isa = PBXResourcesBuildPhase;
			buildActionMask = 2147483647;
			files = (
			);
			runOnlyForDeploymentPostprocessing = 0;
		};
		F29B1F381E1645AA001B5328 /* Resources */ = {
			isa = PBXResourcesBuildPhase;
			buildActionMask = 2147483647;
			files = (
			);
			runOnlyForDeploymentPostprocessing = 0;
		};
/* End PBXResourcesBuildPhase section */

/* Begin PBXSourcesBuildPhase section */
		F29B1F171E1645A9001B5328 /* Sources */ = {
			isa = PBXSourcesBuildPhase;
			buildActionMask = 2147483647;
			files = (
				F29B1F211E1645AA001B5328 /* ViewController.swift in Sources */,
				F29B1F1F1E1645AA001B5328 /* AppDelegate.swift in Sources */,
			);
			runOnlyForDeploymentPostprocessing = 0;
		};
		F29B1F2B1E1645AA001B5328 /* Sources */ = {
			isa = PBXSourcesBuildPhase;
			buildActionMask = 2147483647;
			files = (
				F29B1F341E1645AA001B5328 /* counterTests.swift in Sources */,
			);
			runOnlyForDeploymentPostprocessing = 0;
		};
		F29B1F361E1645AA001B5328 /* Sources */ = {
			isa = PBXSourcesBuildPhase;
			buildActionMask = 2147483647;
			files = (
				F29B1F3F1E1645AA001B5328 /* counterUITests.swift in Sources */,
			);
			runOnlyForDeploymentPostprocessing = 0;
		};
/* End PBXSourcesBuildPhase section */

/* Begin PBXTargetDependency section */
		F29B1F311E1645AA001B5328 /* PBXTargetDependency */ = {
			isa = PBXTargetDependency;
			target = F29B1F1A1E1645A9001B5328 /* counter */;
			targetProxy = F29B1F301E1645AA001B5328 /* PBXContainerItemProxy */;
		};
		F29B1F3C1E1645AA001B5328 /* PBXTargetDependency */ = {
			isa = PBXTargetDependency;
			target = F29B1F1A1E1645A9001B5328 /* counter */;
			targetProxy = F29B1F3B1E1645AA001B5328 /* PBXContainerItemProxy */;
		};
/* End PBXTargetDependency section */

/* Begin PBXVariantGroup section */
		F29B1F221E1645AA001B5328 /* Main.storyboard */ = {
			isa = PBXVariantGroup;
			children = (
				F29B1F231E1645AA001B5328 /* Base */,
			);
			name = Main.storyboard;
			sourceTree = "<group>";
		};
		F29B1F271E1645AA001B5328 /* LaunchScreen.storyboard */ = {
			isa = PBXVariantGroup;
			children = (
				F29B1F281E1645AA001B5328 /* Base */,
			);
			name = LaunchScreen.storyboard;
			sourceTree = "<group>";
		};
/* End PBXVariantGroup section */

/* Begin XCBuildConfiguration section */
		F29B1F411E1645AA001B5328 /* Debug */ = {
			isa = XCBuildConfiguration;
			buildSettings = {
				ALWAYS_SEARCH_USER_PATHS = NO;
				CLANG_ANALYZER_NONNULL = YES;
				CLANG_CXX_LANGUAGE_STANDARD = "gnu++0x";
				CLANG_CXX_LIBRARY = "libc++";
				CLANG_ENABLE_MODULES = YES;
				CLANG_ENABLE_OBJC_ARC = YES;
				CLANG_WARN_BOOL_CONVERSION = YES;
				CLANG_WARN_CONSTANT_CONVERSION = YES;
				CLANG_WARN_DIRECT_OBJC_ISA_USAGE = YES_ERROR;
				CLANG_WARN_DOCUMENTATION_COMMENTS = YES;
				CLANG_WARN_EMPTY_BODY = YES;
				CLANG_WARN_ENUM_CONVERSION = YES;
				CLANG_WARN_INFINITE_RECURSION = YES;
				CLANG_WARN_INT_CONVERSION = YES;
				CLANG_WARN_OBJC_ROOT_CLASS = YES_ERROR;
				CLANG_WARN_SUSPICIOUS_MOVE = YES;
				CLANG_WARN_UNREACHABLE_CODE = YES;
				CLANG_WARN__DUPLICATE_METHOD_MATCH = YES;
				"CODE_SIGN_IDENTITY[sdk=iphoneos*]" = "iPhone Developer";
				COPY_PHASE_STRIP = NO;
				DEBUG_INFORMATION_FORMAT = dwarf;
				ENABLE_STRICT_OBJC_MSGSEND = YES;
				ENABLE_TESTABILITY = YES;
				GCC_C_LANGUAGE_STANDARD = gnu99;
				GCC_DYNAMIC_NO_PIC = NO;
				GCC_NO_COMMON_BLOCKS = YES;
				GCC_OPTIMIZATION_LEVEL = 0;
				GCC_PREPROCESSOR_DEFINITIONS = (
					"DEBUG=1",
					"$(inherited)",
				);
				GCC_WARN_64_TO_32_BIT_CONVERSION = YES;
				GCC_WARN_ABOUT_RETURN_TYPE = YES_ERROR;
				GCC_WARN_UNDECLARED_SELECTOR = YES;
				GCC_WARN_UNINITIALIZED_AUTOS = YES_AGGRESSIVE;
				GCC_WARN_UNUSED_FUNCTION = YES;
				GCC_WARN_UNUSED_VARIABLE = YES;
				IPHONEOS_DEPLOYMENT_TARGET = 10.2;
				MTL_ENABLE_DEBUG_INFO = YES;
				ONLY_ACTIVE_ARCH = YES;
				SDKROOT = iphoneos;
				SWIFT_ACTIVE_COMPILATION_CONDITIONS = DEBUG;
				SWIFT_OPTIMIZATION_LEVEL = "-Onone";
				TARGETED_DEVICE_FAMILY = "1,2";
			};
			name = Debug;
		};
		F29B1F421E1645AA001B5328 /* Release */ = {
			isa = XCBuildConfiguration;
			buildSettings = {
				ALWAYS_SEARCH_USER_PATHS = NO;
				CLANG_ANALYZER_NONNULL = YES;
				CLANG_CXX_LANGUAGE_STANDARD = "gnu++0x";
				CLANG_CXX_LIBRARY = "libc++";
				CLANG_ENABLE_MODULES = YES;
				CLANG_ENABLE_OBJC_ARC = YES;
				CLANG_WARN_BOOL_CONVERSION = YES;
				CLANG_WARN_CONSTANT_CONVERSION = YES;
				CLANG_WARN_DIRECT_OBJC_ISA_USAGE = YES_ERROR;
				CLANG_WARN_DOCUMENTATION_COMMENTS = YES;
				CLANG_WARN_EMPTY_BODY = YES;
				CLANG_WARN_ENUM_CONVERSION = YES;
				CLANG_WARN_INFINITE_RECURSION = YES;
				CLANG_WARN_INT_CONVERSION = YES;
				CLANG_WARN_OBJC_ROOT_CLASS = YES_ERROR;
				CLANG_WARN_SUSPICIOUS_MOVE = YES;
				CLANG_WARN_UNREACHABLE_CODE = YES;
				CLANG_WARN__DUPLICATE_METHOD_MATCH = YES;
				"CODE_SIGN_IDENTITY[sdk=iphoneos*]" = "iPhone Developer";
				COPY_PHASE_STRIP = NO;
				DEBUG_INFORMATION_FORMAT = "dwarf-with-dsym";
				ENABLE_NS_ASSERTIONS = NO;
				ENABLE_STRICT_OBJC_MSGSEND = YES;
				GCC_C_LANGUAGE_STANDARD = gnu99;
				GCC_NO_COMMON_BLOCKS = YES;
				GCC_WARN_64_TO_32_BIT_CONVERSION = YES;
				GCC_WARN_ABOUT_RETURN_TYPE = YES_ERROR;
				GCC_WARN_UNDECLARED_SELECTOR = YES;
				GCC_WARN_UNINITIALIZED_AUTOS = YES_AGGRESSIVE;
				GCC_WARN_UNUSED_FUNCTION = YES;
				GCC_WARN_UNUSED_VARIABLE = YES;
				IPHONEOS_DEPLOYMENT_TARGET = 10.2;
				MTL_ENABLE_DEBUG_INFO = NO;
				SDKROOT = iphoneos;
				SWIFT_OPTIMIZATION_LEVEL = "-Owholemodule";
				TARGETED_DEVICE_FAMILY = "1,2";
				VALIDATE_PRODUCT = YES;
			};
			name = Release;
		};
		F29B1F441E1645AA001B5328 /* Debug */ = {
			isa = XCBuildConfiguration;
			buildSettings = {
				ASSETCATALOG_COMPILER_APPICON_NAME = AppIcon;
				INFOPLIST_FILE = counter/Info.plist;
				LD_RUNPATH_SEARCH_PATHS = "$(inherited) @executable_path/Frameworks";
				PRODUCT_BUNDLE_IDENTIFIER = com.perception.counter;
				PRODUCT_NAME = "$(TARGET_NAME)";
				SWIFT_VERSION = 3.0;
			};
			name = Debug;
		};
		F29B1F451E1645AA001B5328 /* Release */ = {
			isa = XCBuildConfiguration;
			buildSettings = {
				ASSETCATALOG_COMPILER_APPICON_NAME = AppIcon;
				INFOPLIST_FILE = counter/Info.plist;
				LD_RUNPATH_SEARCH_PATHS = "$(inherited) @executable_path/Frameworks";
				PRODUCT_BUNDLE_IDENTIFIER = com.perception.counter;
				PRODUCT_NAME = "$(TARGET_NAME)";
				SWIFT_VERSION = 3.0;
			};
			name = Release;
		};
		F29B1F471E1645AA001B5328 /* Debug */ = {
			isa = XCBuildConfiguration;
			buildSettings = {
				ALWAYS_EMBED_SWIFT_STANDARD_LIBRARIES = YES;
				BUNDLE_LOADER = "$(TEST_HOST)";
				INFOPLIST_FILE = counterTests/Info.plist;
				LD_RUNPATH_SEARCH_PATHS = "$(inherited) @executable_path/Frameworks @loader_path/Frameworks";
				PRODUCT_BUNDLE_IDENTIFIER = com.perception.counterTests;
				PRODUCT_NAME = "$(TARGET_NAME)";
				SWIFT_VERSION = 3.0;
				TEST_HOST = "$(BUILT_PRODUCTS_DIR)/counter.app/counter";
			};
			name = Debug;
		};
		F29B1F481E1645AA001B5328 /* Release */ = {
			isa = XCBuildConfiguration;
			buildSettings = {
				ALWAYS_EMBED_SWIFT_STANDARD_LIBRARIES = YES;
				BUNDLE_LOADER = "$(TEST_HOST)";
				INFOPLIST_FILE = counterTests/Info.plist;
				LD_RUNPATH_SEARCH_PATHS = "$(inherited) @executable_path/Frameworks @loader_path/Frameworks";
				PRODUCT_BUNDLE_IDENTIFIER = com.perception.counterTests;
				PRODUCT_NAME = "$(TARGET_NAME)";
				SWIFT_VERSION = 3.0;
				TEST_HOST = "$(BUILT_PRODUCTS_DIR)/counter.app/counter";
			};
			name = Release;
		};
		F29B1F4A1E1645AA001B5328 /* Debug */ = {
			isa = XCBuildConfiguration;
			buildSettings = {
				ALWAYS_EMBED_SWIFT_STANDARD_LIBRARIES = YES;
				INFOPLIST_FILE = counterUITests/Info.plist;
				LD_RUNPATH_SEARCH_PATHS = "$(inherited) @executable_path/Frameworks @loader_path/Frameworks";
				PRODUCT_BUNDLE_IDENTIFIER = com.perception.counterUITests;
				PRODUCT_NAME = "$(TARGET_NAME)";
				SWIFT_VERSION = 3.0;
				TEST_TARGET_NAME = counter;
			};
			name = Debug;
		};
		F29B1F4B1E1645AA001B5328 /* Release */ = {
			isa = XCBuildConfiguration;
			buildSettings = {
				ALWAYS_EMBED_SWIFT_STANDARD_LIBRARIES = YES;
				INFOPLIST_FILE = counterUITests/Info.plist;
				LD_RUNPATH_SEARCH_PATHS = "$(inherited) @executable_path/Frameworks @loader_path/Frameworks";
				PRODUCT_BUNDLE_IDENTIFIER = com.perception.counterUITests;
				PRODUCT_NAME = "$(TARGET_NAME)";
				SWIFT_VERSION = 3.0;
				TEST_TARGET_NAME = counter;
			};
			name = Release;
		};
/* End XCBuildConfiguration section */

/* Begin XCConfigurationList section */
		F29B1F161E1645A9001B5328 /* Build configuration list for PBXProject "counter" */ = {
			isa = XCConfigurationList;
			buildConfigurations = (
				F29B1F411E1645AA001B5328 /* Debug */,
				F29B1F421E1645AA001B5328 /* Release */,
			);
			defaultConfigurationIsVisible = 0;
			defaultConfigurationName = Release;
		};
		F29B1F431E1645AA001B5328 /* Build configuration list for PBXNativeTarget "counter" */ = {
			isa = XCConfigurationList;
			buildConfigurations = (
				F29B1F441E1645AA001B5328 /* Debug */,
				F29B1F451E1645AA001B5328 /* Release */,
			);
			defaultConfigurationIsVisible = 0;
		};
		F29B1F461E1645AA001B5328 /* Build configuration list for PBXNativeTarget "counterTests" */ = {
			isa = XCConfigurationList;
			buildConfigurations = (
				F29B1F471E1645AA001B5328 /* Debug */,
				F29B1F481E1645AA001B5328 /* Release */,
			);
			defaultConfigurationIsVisible = 0;
		};
		F29B1F491E1645AA001B5328 /* Build configuration list for PBXNativeTarget "counterUITests" */ = {
			isa = XCConfigurationList;
			buildConfigurations = (
				F29B1F4A1E1645AA001B5328 /* Debug */,
				F29B1F4B1E1645AA001B5328 /* Release */,
			);
			defaultConfigurationIsVisible = 0;
		};
/* End XCConfigurationList section */
	};
	rootObject = F29B1F131E1645A9001B5328 /* Project object */;
}
