// !$*UTF8*$!
{
	archiveVersion = 1;
	classes = {
	};
	objectVersion = 46;
	objects = {

/* Begin PBXBuildFile section */
		F220222B1E8905BC00B2F549 /* AppDelegate.swift in Sources */ = {isa = PBXBuildFile; fileRef = F220222A1E8905BC00B2F549 /* AppDelegate.swift */; };
		F220222D1E8905BC00B2F549 /* ViewController.swift in Sources */ = {isa = PBXBuildFile; fileRef = F220222C1E8905BC00B2F549 /* ViewController.swift */; };
		F22022301E8905BC00B2F549 /* Main.storyboard in Resources */ = {isa = PBXBuildFile; fileRef = F220222E1E8905BC00B2F549 /* Main.storyboard */; };
		F22022321E8905BC00B2F549 /* Assets.xcassets in Resources */ = {isa = PBXBuildFile; fileRef = F22022311E8905BC00B2F549 /* Assets.xcassets */; };
		F22022351E8905BC00B2F549 /* LaunchScreen.storyboard in Resources */ = {isa = PBXBuildFile; fileRef = F22022331E8905BC00B2F549 /* LaunchScreen.storyboard */; };
/* End PBXBuildFile section */

/* Begin PBXFileReference section */
		F22022271E8905BC00B2F549 /* meme App v1.app */ = {isa = PBXFileReference; explicitFileType = wrapper.application; includeInIndex = 0; path = "meme App v1.app"; sourceTree = BUILT_PRODUCTS_DIR; };
		F220222A1E8905BC00B2F549 /* AppDelegate.swift */ = {isa = PBXFileReference; lastKnownFileType = sourcecode.swift; path = AppDelegate.swift; sourceTree = "<group>"; };
		F220222C1E8905BC00B2F549 /* ViewController.swift */ = {isa = PBXFileReference; lastKnownFileType = sourcecode.swift; path = ViewController.swift; sourceTree = "<group>"; };
		F220222F1E8905BC00B2F549 /* Base */ = {isa = PBXFileReference; lastKnownFileType = file.storyboard; name = Base; path = Base.lproj/Main.storyboard; sourceTree = "<group>"; };
		F22022311E8905BC00B2F549 /* Assets.xcassets */ = {isa = PBXFileReference; lastKnownFileType = folder.assetcatalog; path = Assets.xcassets; sourceTree = "<group>"; };
		F22022341E8905BC00B2F549 /* Base */ = {isa = PBXFileReference; lastKnownFileType = file.storyboard; name = Base; path = Base.lproj/LaunchScreen.storyboard; sourceTree = "<group>"; };
		F22022361E8905BC00B2F549 /* Info.plist */ = {isa = PBXFileReference; lastKnownFileType = text.plist.xml; path = Info.plist; sourceTree = "<group>"; };
/* End PBXFileReference section */

/* Begin PBXFrameworksBuildPhase section */
		F22022241E8905BB00B2F549 /* Frameworks */ = {
			isa = PBXFrameworksBuildPhase;
			buildActionMask = 2147483647;
			files = (
			);
			runOnlyForDeploymentPostprocessing = 0;
		};
/* End PBXFrameworksBuildPhase section */

/* Begin PBXGroup section */
		F220221E1E8905BB00B2F549 = {
			isa = PBXGroup;
			children = (
				F22022291E8905BC00B2F549 /* meme App v1 */,
				F22022281E8905BC00B2F549 /* Products */,
			);
			sourceTree = "<group>";
		};
		F22022281E8905BC00B2F549 /* Products */ = {
			isa = PBXGroup;
			children = (
				F22022271E8905BC00B2F549 /* meme App v1.app */,
			);
			name = Products;
			sourceTree = "<group>";
		};
		F22022291E8905BC00B2F549 /* meme App v1 */ = {
			isa = PBXGroup;
			children = (
				F220222A1E8905BC00B2F549 /* AppDelegate.swift */,
				F220222C1E8905BC00B2F549 /* ViewController.swift */,
				F220222E1E8905BC00B2F549 /* Main.storyboard */,
				F22022311E8905BC00B2F549 /* Assets.xcassets */,
				F22022331E8905BC00B2F549 /* LaunchScreen.storyboard */,
				F22022361E8905BC00B2F549 /* Info.plist */,
			);
			path = "meme App v1";
			sourceTree = "<group>";
		};
/* End PBXGroup section */

/* Begin PBXNativeTarget section */
		F22022261E8905BB00B2F549 /* meme App v1 */ = {
			isa = PBXNativeTarget;
			buildConfigurationList = F22022391E8905BC00B2F549 /* Build configuration list for PBXNativeTarget "meme App v1" */;
			buildPhases = (
				F22022231E8905BB00B2F549 /* Sources */,
				F22022241E8905BB00B2F549 /* Frameworks */,
				F22022251E8905BB00B2F549 /* Resources */,
			);
			buildRules = (
			);
			dependencies = (
			);
			name = "meme App v1";
			productName = "meme App v1";
			productReference = F22022271E8905BC00B2F549 /* meme App v1.app */;
			productType = "com.apple.product-type.application";
		};
/* End PBXNativeTarget section */

/* Begin PBXProject section */
		F220221F1E8905BB00B2F549 /* Project object */ = {
			isa = PBXProject;
			attributes = {
				LastSwiftUpdateCheck = 0820;
				LastUpgradeCheck = 0820;
				ORGANIZATIONNAME = "Syed Shahrukh Haider";
				TargetAttributes = {
					F22022261E8905BB00B2F549 = {
						CreatedOnToolsVersion = 8.2.1;
						ProvisioningStyle = Automatic;
					};
				};
			};
			buildConfigurationList = F22022221E8905BB00B2F549 /* Build configuration list for PBXProject "meme App v1" */;
			compatibilityVersion = "Xcode 3.2";
			developmentRegion = English;
			hasScannedForEncodings = 0;
			knownRegions = (
				en,
				Base,
			);
			mainGroup = F220221E1E8905BB00B2F549;
			productRefGroup = F22022281E8905BC00B2F549 /* Products */;
			projectDirPath = "";
			projectRoot = "";
			targets = (
				F22022261E8905BB00B2F549 /* meme App v1 */,
			);
		};
/* End PBXProject section */

/* Begin PBXResourcesBuildPhase section */
		F22022251E8905BB00B2F549 /* Resources */ = {
			isa = PBXResourcesBuildPhase;
			buildActionMask = 2147483647;
			files = (
				F22022351E8905BC00B2F549 /* LaunchScreen.storyboard in Resources */,
				F22022321E8905BC00B2F549 /* Assets.xcassets in Resources */,
				F22022301E8905BC00B2F549 /* Main.storyboard in Resources */,
			);
			runOnlyForDeploymentPostprocessing = 0;
		};
/* End PBXResourcesBuildPhase section */

/* Begin PBXSourcesBuildPhase section */
		F22022231E8905BB00B2F549 /* Sources */ = {
			isa = PBXSourcesBuildPhase;
			buildActionMask = 2147483647;
			files = (
				F220222D1E8905BC00B2F549 /* ViewController.swift in Sources */,
				F220222B1E8905BC00B2F549 /* AppDelegate.swift in Sources */,
			);
			runOnlyForDeploymentPostprocessing = 0;
		};
/* End PBXSourcesBuildPhase section */

/* Begin PBXVariantGroup section */
		F220222E1E8905BC00B2F549 /* Main.storyboard */ = {
			isa = PBXVariantGroup;
			children = (
				F220222F1E8905BC00B2F549 /* Base */,
			);
			name = Main.storyboard;
			sourceTree = "<group>";
		};
		F22022331E8905BC00B2F549 /* LaunchScreen.storyboard */ = {
			isa = PBXVariantGroup;
			children = (
				F22022341E8905BC00B2F549 /* Base */,
			);
			name = LaunchScreen.storyboard;
			sourceTree = "<group>";
		};
/* End PBXVariantGroup section */

/* Begin XCBuildConfiguration section */
		F22022371E8905BC00B2F549 /* Debug */ = {
			isa = XCBuildConfiguration;
			buildSettings = {
				ALWAYS_SEARCH_USER_PATHS = NO;
				CLANG_ANALYZER_NONNULL = YES;
				CLANG_CXX_LANGUAGE_STANDARD = "gnu++0x";
				CLANG_CXX_LIBRARY = "libc++";
				CLANG_ENABLE_MODULES = YES;
				CLANG_ENABLE_OBJC_ARC = YES;
				CLANG_WARN_BOOL_CONVERSION = YES;
				CLANG_WARN_CONSTANT_CONVERSION = YES;
				CLANG_WARN_DIRECT_OBJC_ISA_USAGE = YES_ERROR;
				CLANG_WARN_DOCUMENTATION_COMMENTS = YES;
				CLANG_WARN_EMPTY_BODY = YES;
				CLANG_WARN_ENUM_CONVERSION = YES;
				CLANG_WARN_INFINITE_RECURSION = YES;
				CLANG_WARN_INT_CONVERSION = YES;
				CLANG_WARN_OBJC_ROOT_CLASS = YES_ERROR;
				CLANG_WARN_SUSPICIOUS_MOVE = YES;
				CLANG_WARN_UNREACHABLE_CODE = YES;
				CLANG_WARN__DUPLICATE_METHOD_MATCH = YES;
				"CODE_SIGN_IDENTITY[sdk=iphoneos*]" = "iPhone Developer";
				COPY_PHASE_STRIP = NO;
				DEBUG_INFORMATION_FORMAT = dwarf;
				ENABLE_STRICT_OBJC_MSGSEND = YES;
				ENABLE_TESTABILITY = YES;
				GCC_C_LANGUAGE_STANDARD = gnu99;
				GCC_DYNAMIC_NO_PIC = NO;
				GCC_NO_COMMON_BLOCKS = YES;
				GCC_OPTIMIZATION_LEVEL = 0;
				GCC_PREPROCESSOR_DEFINITIONS = (
					"DEBUG=1",
					"$(inherited)",
				);
				GCC_WARN_64_TO_32_BIT_CONVERSION = YES;
				GCC_WARN_ABOUT_RETURN_TYPE = YES_ERROR;
				GCC_WARN_UNDECLARED_SELECTOR = YES;
				GCC_WARN_UNINITIALIZED_AUTOS = YES_AGGRESSIVE;
				GCC_WARN_UNUSED_FUNCTION = YES;
				GCC_WARN_UNUSED_VARIABLE = YES;
				IPHONEOS_DEPLOYMENT_TARGET = 10.2;
				MTL_ENABLE_DEBUG_INFO = YES;
				ONLY_ACTIVE_ARCH = YES;
				SDKROOT = iphoneos;
				SWIFT_ACTIVE_COMPILATION_CONDITIONS = DEBUG;
				SWIFT_OPTIMIZATION_LEVEL = "-Onone";
				TARGETED_DEVICE_FAMILY = "1,2";
			};
			name = Debug;
		};
		F22022381E8905BC00B2F549 /* Release */ = {
			isa = XCBuildConfiguration;
			buildSettings = {
				ALWAYS_SEARCH_USER_PATHS = NO;
				CLANG_ANALYZER_NONNULL = YES;
				CLANG_CXX_LANGUAGE_STANDARD = "gnu++0x";
				CLANG_CXX_LIBRARY = "libc++";
				CLANG_ENABLE_MODULES = YES;
				CLANG_ENABLE_OBJC_ARC = YES;
				CLANG_WARN_BOOL_CONVERSION = YES;
				CLANG_WARN_CONSTANT_CONVERSION = YES;
				CLANG_WARN_DIRECT_OBJC_ISA_USAGE = YES_ERROR;
				CLANG_WARN_DOCUMENTATION_COMMENTS = YES;
				CLANG_WARN_EMPTY_BODY = YES;
				CLANG_WARN_ENUM_CONVERSION = YES;
				CLANG_WARN_INFINITE_RECURSION = YES;
				CLANG_WARN_INT_CONVERSION = YES;
				CLANG_WARN_OBJC_ROOT_CLASS = YES_ERROR;
				CLANG_WARN_SUSPICIOUS_MOVE = YES;
				CLANG_WARN_UNREACHABLE_CODE = YES;
				CLANG_WARN__DUPLICATE_METHOD_MATCH = YES;
				"CODE_SIGN_IDENTITY[sdk=iphoneos*]" = "iPhone Developer";
				COPY_PHASE_STRIP = NO;
				DEBUG_INFORMATION_FORMAT = "dwarf-with-dsym";
				ENABLE_NS_ASSERTIONS = NO;
				ENABLE_STRICT_OBJC_MSGSEND = YES;
				GCC_C_LANGUAGE_STANDARD = gnu99;
				GCC_NO_COMMON_BLOCKS = YES;
				GCC_WARN_64_TO_32_BIT_CONVERSION = YES;
				GCC_WARN_ABOUT_RETURN_TYPE = YES_ERROR;
				GCC_WARN_UNDECLARED_SELECTOR = YES;
				GCC_WARN_UNINITIALIZED_AUTOS = YES_AGGRESSIVE;
				GCC_WARN_UNUSED_FUNCTION = YES;
				GCC_WARN_UNUSED_VARIABLE = YES;
				IPHONEOS_DEPLOYMENT_TARGET = 10.2;
				MTL_ENABLE_DEBUG_INFO = NO;
				SDKROOT = iphoneos;
				SWIFT_OPTIMIZATION_LEVEL = "-Owholemodule";
				TARGETED_DEVICE_FAMILY = "1,2";
				VALIDATE_PRODUCT = YES;
			};
			name = Release;
		};
		F220223A1E8905BC00B2F549 /* Debug */ = {
			isa = XCBuildConfiguration;
			buildSettings = {
				ASSETCATALOG_COMPILER_APPICON_NAME = AppIcon;
				INFOPLIST_FILE = "meme App v1/Info.plist";
				LD_RUNPATH_SEARCH_PATHS = "$(inherited) @executable_path/Frameworks";
				PRODUCT_BUNDLE_IDENTIFIER = "com.perception.meme-App-v1";
				PRODUCT_NAME = "$(TARGET_NAME)";
				SWIFT_VERSION = 3.0;
			};
			name = Debug;
		};
		F220223B1E8905BC00B2F549 /* Release */ = {
			isa = XCBuildConfiguration;
			buildSettings = {
				ASSETCATALOG_COMPILER_APPICON_NAME = AppIcon;
				INFOPLIST_FILE = "meme App v1/Info.plist";
				LD_RUNPATH_SEARCH_PATHS = "$(inherited) @executable_path/Frameworks";
				PRODUCT_BUNDLE_IDENTIFIER = "com.perception.meme-App-v1";
				PRODUCT_NAME = "$(TARGET_NAME)";
				SWIFT_VERSION = 3.0;
			};
			name = Release;
		};
/* End XCBuildConfiguration section */

/* Begin XCConfigurationList section */
		F22022221E8905BB00B2F549 /* Build configuration list for PBXProject "meme App v1" */ = {
			isa = XCConfigurationList;
			buildConfigurations = (
				F22022371E8905BC00B2F549 /* Debug */,
				F22022381E8905BC00B2F549 /* Release */,
			);
			defaultConfigurationIsVisible = 0;
			defaultConfigurationName = Release;
		};
		F22022391E8905BC00B2F549 /* Build configuration list for PBXNativeTarget "meme App v1" */ = {
			isa = XCConfigurationList;
			buildConfigurations = (
				F220223A1E8905BC00B2F549 /* Debug */,
				F220223B1E8905BC00B2F549 /* Release */,
			);
			defaultConfigurationIsVisible = 0;
		};
/* End XCConfigurationList section */
	};
	rootObject = F220221F1E8905BB00B2F549 /* Project object */;
}
