// !$*UTF8*$!
{
	archiveVersion = 1;
	classes = {
	};
	objectVersion = 46;
	objects = {

/* Begin PBXBuildFile section */
		F207E0E31E7E9C490081A407 /* AppDelegate.swift in Sources */ = {isa = PBXBuildFile; fileRef = F207E0E21E7E9C490081A407 /* AppDelegate.swift */; };
		F207E0E51E7E9C490081A407 /* ViewController.swift in Sources */ = {isa = PBXBuildFile; fileRef = F207E0E41E7E9C490081A407 /* ViewController.swift */; };
		F207E0E81E7E9C490081A407 /* Main.storyboard in Resources */ = {isa = PBXBuildFile; fileRef = F207E0E61E7E9C490081A407 /* Main.storyboard */; };
		F207E0EA1E7E9C490081A407 /* Assets.xcassets in Resources */ = {isa = PBXBuildFile; fileRef = F207E0E91E7E9C490081A407 /* Assets.xcassets */; };
		F207E0ED1E7E9C490081A407 /* LaunchScreen.storyboard in Resources */ = {isa = PBXBuildFile; fileRef = F207E0EB1E7E9C490081A407 /* LaunchScreen.storyboard */; };
		F207E0F61E7E9FB40081A407 /* zipCodeDelegate.swift in Sources */ = {isa = PBXBuildFile; fileRef = F207E0F51E7E9FB40081A407 /* zipCodeDelegate.swift */; };
		F207E0F81E7EA0000081A407 /* amountDelegate.swift in Sources */ = {isa = PBXBuildFile; fileRef = F207E0F71E7EA0000081A407 /* amountDelegate.swift */; };
/* End PBXBuildFile section */

/* Begin PBXFileReference section */
		F207E0DF1E7E9C490081A407 /* textField challenge-zipCode-amount.app */ = {isa = PBXFileReference; explicitFileType = wrapper.application; includeInIndex = 0; path = "textField challenge-zipCode-amount.app"; sourceTree = BUILT_PRODUCTS_DIR; };
		F207E0E21E7E9C490081A407 /* AppDelegate.swift */ = {isa = PBXFileReference; lastKnownFileType = sourcecode.swift; path = AppDelegate.swift; sourceTree = "<group>"; };
		F207E0E41E7E9C490081A407 /* ViewController.swift */ = {isa = PBXFileReference; lastKnownFileType = sourcecode.swift; path = ViewController.swift; sourceTree = "<group>"; };
		F207E0E71E7E9C490081A407 /* Base */ = {isa = PBXFileReference; lastKnownFileType = file.storyboard; name = Base; path = Base.lproj/Main.storyboard; sourceTree = "<group>"; };
		F207E0E91E7E9C490081A407 /* Assets.xcassets */ = {isa = PBXFileReference; lastKnownFileType = folder.assetcatalog; path = Assets.xcassets; sourceTree = "<group>"; };
		F207E0EC1E7E9C490081A407 /* Base */ = {isa = PBXFileReference; lastKnownFileType = file.storyboard; name = Base; path = Base.lproj/LaunchScreen.storyboard; sourceTree = "<group>"; };
		F207E0EE1E7E9C490081A407 /* Info.plist */ = {isa = PBXFileReference; lastKnownFileType = text.plist.xml; path = Info.plist; sourceTree = "<group>"; };
		F207E0F51E7E9FB40081A407 /* zipCodeDelegate.swift */ = {isa = PBXFileReference; fileEncoding = 4; lastKnownFileType = sourcecode.swift; path = zipCodeDelegate.swift; sourceTree = "<group>"; };
		F207E0F71E7EA0000081A407 /* amountDelegate.swift */ = {isa = PBXFileReference; fileEncoding = 4; lastKnownFileType = sourcecode.swift; path = amountDelegate.swift; sourceTree = "<group>"; };
/* End PBXFileReference section */

/* Begin PBXFrameworksBuildPhase section */
		F207E0DC1E7E9C490081A407 /* Frameworks */ = {
			isa = PBXFrameworksBuildPhase;
			buildActionMask = 2147483647;
			files = (
			);
			runOnlyForDeploymentPostprocessing = 0;
		};
/* End PBXFrameworksBuildPhase section */

/* Begin PBXGroup section */
		F207E0D61E7E9C480081A407 = {
			isa = PBXGroup;
			children = (
				F207E0E11E7E9C490081A407 /* textField challenge-zipCode-amount */,
				F207E0E01E7E9C490081A407 /* Products */,
			);
			sourceTree = "<group>";
		};
		F207E0E01E7E9C490081A407 /* Products */ = {
			isa = PBXGroup;
			children = (
				F207E0DF1E7E9C490081A407 /* textField challenge-zipCode-amount.app */,
			);
			name = Products;
			sourceTree = "<group>";
		};
		F207E0E11E7E9C490081A407 /* textField challenge-zipCode-amount */ = {
			isa = PBXGroup;
			children = (
				F207E0F41E7E9F560081A407 /* DelegateGroup */,
				F207E0E21E7E9C490081A407 /* AppDelegate.swift */,
				F207E0E41E7E9C490081A407 /* ViewController.swift */,
				F207E0E61E7E9C490081A407 /* Main.storyboard */,
				F207E0E91E7E9C490081A407 /* Assets.xcassets */,
				F207E0EB1E7E9C490081A407 /* LaunchScreen.storyboard */,
				F207E0EE1E7E9C490081A407 /* Info.plist */,
			);
			path = "textField challenge-zipCode-amount";
			sourceTree = "<group>";
		};
		F207E0F41E7E9F560081A407 /* DelegateGroup */ = {
			isa = PBXGroup;
			children = (
				F207E0F51E7E9FB40081A407 /* zipCodeDelegate.swift */,
				F207E0F71E7EA0000081A407 /* amountDelegate.swift */,
			);
			name = DelegateGroup;
			sourceTree = "<group>";
		};
/* End PBXGroup section */

/* Begin PBXNativeTarget section */
		F207E0DE1E7E9C490081A407 /* textField challenge-zipCode-amount */ = {
			isa = PBXNativeTarget;
			buildConfigurationList = F207E0F11E7E9C490081A407 /* Build configuration list for PBXNativeTarget "textField challenge-zipCode-amount" */;
			buildPhases = (
				F207E0DB1E7E9C490081A407 /* Sources */,
				F207E0DC1E7E9C490081A407 /* Frameworks */,
				F207E0DD1E7E9C490081A407 /* Resources */,
			);
			buildRules = (
			);
			dependencies = (
			);
			name = "textField challenge-zipCode-amount";
			productName = "textField challenge-zipCode-amount";
			productReference = F207E0DF1E7E9C490081A407 /* textField challenge-zipCode-amount.app */;
			productType = "com.apple.product-type.application";
		};
/* End PBXNativeTarget section */

/* Begin PBXProject section */
		F207E0D71E7E9C490081A407 /* Project object */ = {
			isa = PBXProject;
			attributes = {
				LastSwiftUpdateCheck = 0820;
				LastUpgradeCheck = 0820;
				ORGANIZATIONNAME = "Syed Shahrukh Haider";
				TargetAttributes = {
					F207E0DE1E7E9C490081A407 = {
						CreatedOnToolsVersion = 8.2.1;
						ProvisioningStyle = Automatic;
					};
				};
			};
			buildConfigurationList = F207E0DA1E7E9C490081A407 /* Build configuration list for PBXProject "textField challenge-zipCode-amount" */;
			compatibilityVersion = "Xcode 3.2";
			developmentRegion = English;
			hasScannedForEncodings = 0;
			knownRegions = (
				en,
				Base,
			);
			mainGroup = F207E0D61E7E9C480081A407;
			productRefGroup = F207E0E01E7E9C490081A407 /* Products */;
			projectDirPath = "";
			projectRoot = "";
			targets = (
				F207E0DE1E7E9C490081A407 /* textField challenge-zipCode-amount */,
			);
		};
/* End PBXProject section */

/* Begin PBXResourcesBuildPhase section */
		F207E0DD1E7E9C490081A407 /* Resources */ = {
			isa = PBXResourcesBuildPhase;
			buildActionMask = 2147483647;
			files = (
				F207E0ED1E7E9C490081A407 /* LaunchScreen.storyboard in Resources */,
				F207E0EA1E7E9C490081A407 /* Assets.xcassets in Resources */,
				F207E0E81E7E9C490081A407 /* Main.storyboard in Resources */,
			);
			runOnlyForDeploymentPostprocessing = 0;
		};
/* End PBXResourcesBuildPhase section */

/* Begin PBXSourcesBuildPhase section */
		F207E0DB1E7E9C490081A407 /* Sources */ = {
			isa = PBXSourcesBuildPhase;
			buildActionMask = 2147483647;
			files = (
				F207E0F61E7E9FB40081A407 /* zipCodeDelegate.swift in Sources */,
				F207E0E51E7E9C490081A407 /* ViewController.swift in Sources */,
				F207E0F81E7EA0000081A407 /* amountDelegate.swift in Sources */,
				F207E0E31E7E9C490081A407 /* AppDelegate.swift in Sources */,
			);
			runOnlyForDeploymentPostprocessing = 0;
		};
/* End PBXSourcesBuildPhase section */

/* Begin PBXVariantGroup section */
		F207E0E61E7E9C490081A407 /* Main.storyboard */ = {
			isa = PBXVariantGroup;
			children = (
				F207E0E71E7E9C490081A407 /* Base */,
			);
			name = Main.storyboard;
			sourceTree = "<group>";
		};
		F207E0EB1E7E9C490081A407 /* LaunchScreen.storyboard */ = {
			isa = PBXVariantGroup;
			children = (
				F207E0EC1E7E9C490081A407 /* Base */,
			);
			name = LaunchScreen.storyboard;
			sourceTree = "<group>";
		};
/* End PBXVariantGroup section */

/* Begin XCBuildConfiguration section */
		F207E0EF1E7E9C490081A407 /* Debug */ = {
			isa = XCBuildConfiguration;
			buildSettings = {
				ALWAYS_SEARCH_USER_PATHS = NO;
				CLANG_ANALYZER_NONNULL = YES;
				CLANG_CXX_LANGUAGE_STANDARD = "gnu++0x";
				CLANG_CXX_LIBRARY = "libc++";
				CLANG_ENABLE_MODULES = YES;
				CLANG_ENABLE_OBJC_ARC = YES;
				CLANG_WARN_BOOL_CONVERSION = YES;
				CLANG_WARN_CONSTANT_CONVERSION = YES;
				CLANG_WARN_DIRECT_OBJC_ISA_USAGE = YES_ERROR;
				CLANG_WARN_DOCUMENTATION_COMMENTS = YES;
				CLANG_WARN_EMPTY_BODY = YES;
				CLANG_WARN_ENUM_CONVERSION = YES;
				CLANG_WARN_INFINITE_RECURSION = YES;
				CLANG_WARN_INT_CONVERSION = YES;
				CLANG_WARN_OBJC_ROOT_CLASS = YES_ERROR;
				CLANG_WARN_SUSPICIOUS_MOVE = YES;
				CLANG_WARN_UNREACHABLE_CODE = YES;
				CLANG_WARN__DUPLICATE_METHOD_MATCH = YES;
				"CODE_SIGN_IDENTITY[sdk=iphoneos*]" = "iPhone Developer";
				COPY_PHASE_STRIP = NO;
				DEBUG_INFORMATION_FORMAT = dwarf;
				ENABLE_STRICT_OBJC_MSGSEND = YES;
				ENABLE_TESTABILITY = YES;
				GCC_C_LANGUAGE_STANDARD = gnu99;
				GCC_DYNAMIC_NO_PIC = NO;
				GCC_NO_COMMON_BLOCKS = YES;
				GCC_OPTIMIZATION_LEVEL = 0;
				GCC_PREPROCESSOR_DEFINITIONS = (
					"DEBUG=1",
					"$(inherited)",
				);
				GCC_WARN_64_TO_32_BIT_CONVERSION = YES;
				GCC_WARN_ABOUT_RETURN_TYPE = YES_ERROR;
				GCC_WARN_UNDECLARED_SELECTOR = YES;
				GCC_WARN_UNINITIALIZED_AUTOS = YES_AGGRESSIVE;
				GCC_WARN_UNUSED_FUNCTION = YES;
				GCC_WARN_UNUSED_VARIABLE = YES;
				IPHONEOS_DEPLOYMENT_TARGET = 10.2;
				MTL_ENABLE_DEBUG_INFO = YES;
				ONLY_ACTIVE_ARCH = YES;
				SDKROOT = iphoneos;
				SWIFT_ACTIVE_COMPILATION_CONDITIONS = DEBUG;
				SWIFT_OPTIMIZATION_LEVEL = "-Onone";
				TARGETED_DEVICE_FAMILY = "1,2";
			};
			name = Debug;
		};
		F207E0F01E7E9C490081A407 /* Release */ = {
			isa = XCBuildConfiguration;
			buildSettings = {
				ALWAYS_SEARCH_USER_PATHS = NO;
				CLANG_ANALYZER_NONNULL = YES;
				CLANG_CXX_LANGUAGE_STANDARD = "gnu++0x";
				CLANG_CXX_LIBRARY = "libc++";
				CLANG_ENABLE_MODULES = YES;
				CLANG_ENABLE_OBJC_ARC = YES;
				CLANG_WARN_BOOL_CONVERSION = YES;
				CLANG_WARN_CONSTANT_CONVERSION = YES;
				CLANG_WARN_DIRECT_OBJC_ISA_USAGE = YES_ERROR;
				CLANG_WARN_DOCUMENTATION_COMMENTS = YES;
				CLANG_WARN_EMPTY_BODY = YES;
				CLANG_WARN_ENUM_CONVERSION = YES;
				CLANG_WARN_INFINITE_RECURSION = YES;
				CLANG_WARN_INT_CONVERSION = YES;
				CLANG_WARN_OBJC_ROOT_CLASS = YES_ERROR;
				CLANG_WARN_SUSPICIOUS_MOVE = YES;
				CLANG_WARN_UNREACHABLE_CODE = YES;
				CLANG_WARN__DUPLICATE_METHOD_MATCH = YES;
				"CODE_SIGN_IDENTITY[sdk=iphoneos*]" = "iPhone Developer";
				COPY_PHASE_STRIP = NO;
				DEBUG_INFORMATION_FORMAT = "dwarf-with-dsym";
				ENABLE_NS_ASSERTIONS = NO;
				ENABLE_STRICT_OBJC_MSGSEND = YES;
				GCC_C_LANGUAGE_STANDARD = gnu99;
				GCC_NO_COMMON_BLOCKS = YES;
				GCC_WARN_64_TO_32_BIT_CONVERSION = YES;
				GCC_WARN_ABOUT_RETURN_TYPE = YES_ERROR;
				GCC_WARN_UNDECLARED_SELECTOR = YES;
				GCC_WARN_UNINITIALIZED_AUTOS = YES_AGGRESSIVE;
				GCC_WARN_UNUSED_FUNCTION = YES;
				GCC_WARN_UNUSED_VARIABLE = YES;
				IPHONEOS_DEPLOYMENT_TARGET = 10.2;
				MTL_ENABLE_DEBUG_INFO = NO;
				SDKROOT = iphoneos;
				SWIFT_OPTIMIZATION_LEVEL = "-Owholemodule";
				TARGETED_DEVICE_FAMILY = "1,2";
				VALIDATE_PRODUCT = YES;
			};
			name = Release;
		};
		F207E0F21E7E9C490081A407 /* Debug */ = {
			isa = XCBuildConfiguration;
			buildSettings = {
				ASSETCATALOG_COMPILER_APPICON_NAME = AppIcon;
				INFOPLIST_FILE = "textField challenge-zipCode-amount/Info.plist";
				LD_RUNPATH_SEARCH_PATHS = "$(inherited) @executable_path/Frameworks";
				PRODUCT_BUNDLE_IDENTIFIER = "com.perception.textField-challenge-zipCode-amount";
				PRODUCT_NAME = "$(TARGET_NAME)";
				SWIFT_VERSION = 3.0;
			};
			name = Debug;
		};
		F207E0F31E7E9C490081A407 /* Release */ = {
			isa = XCBuildConfiguration;
			buildSettings = {
				ASSETCATALOG_COMPILER_APPICON_NAME = AppIcon;
				INFOPLIST_FILE = "textField challenge-zipCode-amount/Info.plist";
				LD_RUNPATH_SEARCH_PATHS = "$(inherited) @executable_path/Frameworks";
				PRODUCT_BUNDLE_IDENTIFIER = "com.perception.textField-challenge-zipCode-amount";
				PRODUCT_NAME = "$(TARGET_NAME)";
				SWIFT_VERSION = 3.0;
			};
			name = Release;
		};
/* End XCBuildConfiguration section */

/* Begin XCConfigurationList section */
		F207E0DA1E7E9C490081A407 /* Build configuration list for PBXProject "textField challenge-zipCode-amount" */ = {
			isa = XCConfigurationList;
			buildConfigurations = (
				F207E0EF1E7E9C490081A407 /* Debug */,
				F207E0F01E7E9C490081A407 /* Release */,
			);
			defaultConfigurationIsVisible = 0;
			defaultConfigurationName = Release;
		};
		F207E0F11E7E9C490081A407 /* Build configuration list for PBXNativeTarget "textField challenge-zipCode-amount" */ = {
			isa = XCConfigurationList;
			buildConfigurations = (
				F207E0F21E7E9C490081A407 /* Debug */,
				F207E0F31E7E9C490081A407 /* Release */,
			);
			defaultConfigurationIsVisible = 0;
		};
/* End XCConfigurationList section */
	};
	rootObject = F207E0D71E7E9C490081A407 /* Project object */;
}
