// !$*UTF8*$!
{
	archiveVersion = 1;
	classes = {
	};
	objectVersion = 46;
	objects = {

/* Begin PBXBuildFile section */
		F2CFDDFF1E7A7BBD00F9271A /* AppDelegate.swift in Sources */ = {isa = PBXBuildFile; fileRef = F2CFDDFE1E7A7BBD00F9271A /* AppDelegate.swift */; };
		F2CFDE011E7A7BBD00F9271A /* ViewController.swift in Sources */ = {isa = PBXBuildFile; fileRef = F2CFDE001E7A7BBD00F9271A /* ViewController.swift */; };
		F2CFDE041E7A7BBD00F9271A /* Main.storyboard in Resources */ = {isa = PBXBuildFile; fileRef = F2CFDE021E7A7BBD00F9271A /* Main.storyboard */; };
		F2CFDE061E7A7BBD00F9271A /* Assets.xcassets in Resources */ = {isa = PBXBuildFile; fileRef = F2CFDE051E7A7BBD00F9271A /* Assets.xcassets */; };
		F2CFDE091E7A7BBD00F9271A /* LaunchScreen.storyboard in Resources */ = {isa = PBXBuildFile; fileRef = F2CFDE071E7A7BBD00F9271A /* LaunchScreen.storyboard */; };
		F2CFDE111E7A833A00F9271A /* emojiDelegate.swift in Sources */ = {isa = PBXBuildFile; fileRef = F2CFDE101E7A833A00F9271A /* emojiDelegate.swift */; };
		F2CFDE131E7A835500F9271A /* colorTextDelegate.swift in Sources */ = {isa = PBXBuildFile; fileRef = F2CFDE121E7A835500F9271A /* colorTextDelegate.swift */; };
/* End PBXBuildFile section */

/* Begin PBXFileReference section */
		F2CFDDFB1E7A7BBD00F9271A /* textField Task.app */ = {isa = PBXFileReference; explicitFileType = wrapper.application; includeInIndex = 0; path = "textField Task.app"; sourceTree = BUILT_PRODUCTS_DIR; };
		F2CFDDFE1E7A7BBD00F9271A /* AppDelegate.swift */ = {isa = PBXFileReference; lastKnownFileType = sourcecode.swift; path = AppDelegate.swift; sourceTree = "<group>"; };
		F2CFDE001E7A7BBD00F9271A /* ViewController.swift */ = {isa = PBXFileReference; lastKnownFileType = sourcecode.swift; path = ViewController.swift; sourceTree = "<group>"; };
		F2CFDE031E7A7BBD00F9271A /* Base */ = {isa = PBXFileReference; lastKnownFileType = file.storyboard; name = Base; path = Base.lproj/Main.storyboard; sourceTree = "<group>"; };
		F2CFDE051E7A7BBD00F9271A /* Assets.xcassets */ = {isa = PBXFileReference; lastKnownFileType = folder.assetcatalog; path = Assets.xcassets; sourceTree = "<group>"; };
		F2CFDE081E7A7BBD00F9271A /* Base */ = {isa = PBXFileReference; lastKnownFileType = file.storyboard; name = Base; path = Base.lproj/LaunchScreen.storyboard; sourceTree = "<group>"; };
		F2CFDE0A1E7A7BBD00F9271A /* Info.plist */ = {isa = PBXFileReference; lastKnownFileType = text.plist.xml; path = Info.plist; sourceTree = "<group>"; };
		F2CFDE101E7A833A00F9271A /* emojiDelegate.swift */ = {isa = PBXFileReference; fileEncoding = 4; lastKnownFileType = sourcecode.swift; path = emojiDelegate.swift; sourceTree = "<group>"; };
		F2CFDE121E7A835500F9271A /* colorTextDelegate.swift */ = {isa = PBXFileReference; fileEncoding = 4; lastKnownFileType = sourcecode.swift; path = colorTextDelegate.swift; sourceTree = "<group>"; };
/* End PBXFileReference section */

/* Begin PBXFrameworksBuildPhase section */
		F2CFDDF81E7A7BBD00F9271A /* Frameworks */ = {
			isa = PBXFrameworksBuildPhase;
			buildActionMask = 2147483647;
			files = (
			);
			runOnlyForDeploymentPostprocessing = 0;
		};
/* End PBXFrameworksBuildPhase section */

/* Begin PBXGroup section */
		F2CFDDF21E7A7BBC00F9271A = {
			isa = PBXGroup;
			children = (
				F2CFDDFD1E7A7BBD00F9271A /* textField Task */,
				F2CFDDFC1E7A7BBD00F9271A /* Products */,
			);
			sourceTree = "<group>";
		};
		F2CFDDFC1E7A7BBD00F9271A /* Products */ = {
			isa = PBXGroup;
			children = (
				F2CFDDFB1E7A7BBD00F9271A /* textField Task.app */,
			);
			name = Products;
			sourceTree = "<group>";
		};
		F2CFDDFD1E7A7BBD00F9271A /* textField Task */ = {
			isa = PBXGroup;
			children = (
				F2CFDDFE1E7A7BBD00F9271A /* AppDelegate.swift */,
				F2CFDE001E7A7BBD00F9271A /* ViewController.swift */,
				F2CFDE021E7A7BBD00F9271A /* Main.storyboard */,
				F2CFDE141E7A836700F9271A /* TextField Delegate */,
				F2CFDE051E7A7BBD00F9271A /* Assets.xcassets */,
				F2CFDE071E7A7BBD00F9271A /* LaunchScreen.storyboard */,
				F2CFDE0A1E7A7BBD00F9271A /* Info.plist */,
			);
			path = "textField Task";
			sourceTree = "<group>";
		};
		F2CFDE141E7A836700F9271A /* TextField Delegate */ = {
			isa = PBXGroup;
			children = (
				F2CFDE121E7A835500F9271A /* colorTextDelegate.swift */,
				F2CFDE101E7A833A00F9271A /* emojiDelegate.swift */,
			);
			name = "TextField Delegate";
			sourceTree = "<group>";
		};
/* End PBXGroup section */

/* Begin PBXNativeTarget section */
		F2CFDDFA1E7A7BBD00F9271A /* textField Task */ = {
			isa = PBXNativeTarget;
			buildConfigurationList = F2CFDE0D1E7A7BBD00F9271A /* Build configuration list for PBXNativeTarget "textField Task" */;
			buildPhases = (
				F2CFDDF71E7A7BBD00F9271A /* Sources */,
				F2CFDDF81E7A7BBD00F9271A /* Frameworks */,
				F2CFDDF91E7A7BBD00F9271A /* Resources */,
			);
			buildRules = (
			);
			dependencies = (
			);
			name = "textField Task";
			productName = "textField Task";
			productReference = F2CFDDFB1E7A7BBD00F9271A /* textField Task.app */;
			productType = "com.apple.product-type.application";
		};
/* End PBXNativeTarget section */

/* Begin PBXProject section */
		F2CFDDF31E7A7BBC00F9271A /* Project object */ = {
			isa = PBXProject;
			attributes = {
				LastSwiftUpdateCheck = 0820;
				LastUpgradeCheck = 0820;
				ORGANIZATIONNAME = "Syed Shahrukh Haider";
				TargetAttributes = {
					F2CFDDFA1E7A7BBD00F9271A = {
						CreatedOnToolsVersion = 8.2.1;
						ProvisioningStyle = Automatic;
					};
				};
			};
			buildConfigurationList = F2CFDDF61E7A7BBC00F9271A /* Build configuration list for PBXProject "textField Task" */;
			compatibilityVersion = "Xcode 3.2";
			developmentRegion = English;
			hasScannedForEncodings = 0;
			knownRegions = (
				en,
				Base,
			);
			mainGroup = F2CFDDF21E7A7BBC00F9271A;
			productRefGroup = F2CFDDFC1E7A7BBD00F9271A /* Products */;
			projectDirPath = "";
			projectRoot = "";
			targets = (
				F2CFDDFA1E7A7BBD00F9271A /* textField Task */,
			);
		};
/* End PBXProject section */

/* Begin PBXResourcesBuildPhase section */
		F2CFDDF91E7A7BBD00F9271A /* Resources */ = {
			isa = PBXResourcesBuildPhase;
			buildActionMask = 2147483647;
			files = (
				F2CFDE091E7A7BBD00F9271A /* LaunchScreen.storyboard in Resources */,
				F2CFDE061E7A7BBD00F9271A /* Assets.xcassets in Resources */,
				F2CFDE041E7A7BBD00F9271A /* Main.storyboard in Resources */,
			);
			runOnlyForDeploymentPostprocessing = 0;
		};
/* End PBXResourcesBuildPhase section */

/* Begin PBXSourcesBuildPhase section */
		F2CFDDF71E7A7BBD00F9271A /* Sources */ = {
			isa = PBXSourcesBuildPhase;
			buildActionMask = 2147483647;
			files = (
				F2CFDE111E7A833A00F9271A /* emojiDelegate.swift in Sources */,
				F2CFDE011E7A7BBD00F9271A /* ViewController.swift in Sources */,
				F2CFDE131E7A835500F9271A /* colorTextDelegate.swift in Sources */,
				F2CFDDFF1E7A7BBD00F9271A /* AppDelegate.swift in Sources */,
			);
			runOnlyForDeploymentPostprocessing = 0;
		};
/* End PBXSourcesBuildPhase section */

/* Begin PBXVariantGroup section */
		F2CFDE021E7A7BBD00F9271A /* Main.storyboard */ = {
			isa = PBXVariantGroup;
			children = (
				F2CFDE031E7A7BBD00F9271A /* Base */,
			);
			name = Main.storyboard;
			sourceTree = "<group>";
		};
		F2CFDE071E7A7BBD00F9271A /* LaunchScreen.storyboard */ = {
			isa = PBXVariantGroup;
			children = (
				F2CFDE081E7A7BBD00F9271A /* Base */,
			);
			name = LaunchScreen.storyboard;
			sourceTree = "<group>";
		};
/* End PBXVariantGroup section */

/* Begin XCBuildConfiguration section */
		F2CFDE0B1E7A7BBD00F9271A /* Debug */ = {
			isa = XCBuildConfiguration;
			buildSettings = {
				ALWAYS_SEARCH_USER_PATHS = NO;
				CLANG_ANALYZER_NONNULL = YES;
				CLANG_CXX_LANGUAGE_STANDARD = "gnu++0x";
				CLANG_CXX_LIBRARY = "libc++";
				CLANG_ENABLE_MODULES = YES;
				CLANG_ENABLE_OBJC_ARC = YES;
				CLANG_WARN_BOOL_CONVERSION = YES;
				CLANG_WARN_CONSTANT_CONVERSION = YES;
				CLANG_WARN_DIRECT_OBJC_ISA_USAGE = YES_ERROR;
				CLANG_WARN_DOCUMENTATION_COMMENTS = YES;
				CLANG_WARN_EMPTY_BODY = YES;
				CLANG_WARN_ENUM_CONVERSION = YES;
				CLANG_WARN_INFINITE_RECURSION = YES;
				CLANG_WARN_INT_CONVERSION = YES;
				CLANG_WARN_OBJC_ROOT_CLASS = YES_ERROR;
				CLANG_WARN_SUSPICIOUS_MOVE = YES;
				CLANG_WARN_UNREACHABLE_CODE = YES;
				CLANG_WARN__DUPLICATE_METHOD_MATCH = YES;
				"CODE_SIGN_IDENTITY[sdk=iphoneos*]" = "iPhone Developer";
				COPY_PHASE_STRIP = NO;
				DEBUG_INFORMATION_FORMAT = dwarf;
				ENABLE_STRICT_OBJC_MSGSEND = YES;
				ENABLE_TESTABILITY = YES;
				GCC_C_LANGUAGE_STANDARD = gnu99;
				GCC_DYNAMIC_NO_PIC = NO;
				GCC_NO_COMMON_BLOCKS = YES;
				GCC_OPTIMIZATION_LEVEL = 0;
				GCC_PREPROCESSOR_DEFINITIONS = (
					"DEBUG=1",
					"$(inherited)",
				);
				GCC_WARN_64_TO_32_BIT_CONVERSION = YES;
				GCC_WARN_ABOUT_RETURN_TYPE = YES_ERROR;
				GCC_WARN_UNDECLARED_SELECTOR = YES;
				GCC_WARN_UNINITIALIZED_AUTOS = YES_AGGRESSIVE;
				GCC_WARN_UNUSED_FUNCTION = YES;
				GCC_WARN_UNUSED_VARIABLE = YES;
				IPHONEOS_DEPLOYMENT_TARGET = 10.2;
				MTL_ENABLE_DEBUG_INFO = YES;
				ONLY_ACTIVE_ARCH = YES;
				SDKROOT = iphoneos;
				SWIFT_ACTIVE_COMPILATION_CONDITIONS = DEBUG;
				SWIFT_OPTIMIZATION_LEVEL = "-Onone";
				TARGETED_DEVICE_FAMILY = "1,2";
			};
			name = Debug;
		};
		F2CFDE0C1E7A7BBD00F9271A /* Release */ = {
			isa = XCBuildConfiguration;
			buildSettings = {
				ALWAYS_SEARCH_USER_PATHS = NO;
				CLANG_ANALYZER_NONNULL = YES;
				CLANG_CXX_LANGUAGE_STANDARD = "gnu++0x";
				CLANG_CXX_LIBRARY = "libc++";
				CLANG_ENABLE_MODULES = YES;
				CLANG_ENABLE_OBJC_ARC = YES;
				CLANG_WARN_BOOL_CONVERSION = YES;
				CLANG_WARN_CONSTANT_CONVERSION = YES;
				CLANG_WARN_DIRECT_OBJC_ISA_USAGE = YES_ERROR;
				CLANG_WARN_DOCUMENTATION_COMMENTS = YES;
				CLANG_WARN_EMPTY_BODY = YES;
				CLANG_WARN_ENUM_CONVERSION = YES;
				CLANG_WARN_INFINITE_RECURSION = YES;
				CLANG_WARN_INT_CONVERSION = YES;
				CLANG_WARN_OBJC_ROOT_CLASS = YES_ERROR;
				CLANG_WARN_SUSPICIOUS_MOVE = YES;
				CLANG_WARN_UNREACHABLE_CODE = YES;
				CLANG_WARN__DUPLICATE_METHOD_MATCH = YES;
				"CODE_SIGN_IDENTITY[sdk=iphoneos*]" = "iPhone Developer";
				COPY_PHASE_STRIP = NO;
				DEBUG_INFORMATION_FORMAT = "dwarf-with-dsym";
				ENABLE_NS_ASSERTIONS = NO;
				ENABLE_STRICT_OBJC_MSGSEND = YES;
				GCC_C_LANGUAGE_STANDARD = gnu99;
				GCC_NO_COMMON_BLOCKS = YES;
				GCC_WARN_64_TO_32_BIT_CONVERSION = YES;
				GCC_WARN_ABOUT_RETURN_TYPE = YES_ERROR;
				GCC_WARN_UNDECLARED_SELECTOR = YES;
				GCC_WARN_UNINITIALIZED_AUTOS = YES_AGGRESSIVE;
				GCC_WARN_UNUSED_FUNCTION = YES;
				GCC_WARN_UNUSED_VARIABLE = YES;
				IPHONEOS_DEPLOYMENT_TARGET = 10.2;
				MTL_ENABLE_DEBUG_INFO = NO;
				SDKROOT = iphoneos;
				SWIFT_OPTIMIZATION_LEVEL = "-Owholemodule";
				TARGETED_DEVICE_FAMILY = "1,2";
				VALIDATE_PRODUCT = YES;
			};
			name = Release;
		};
		F2CFDE0E1E7A7BBD00F9271A /* Debug */ = {
			isa = XCBuildConfiguration;
			buildSettings = {
				ASSETCATALOG_COMPILER_APPICON_NAME = AppIcon;
				INFOPLIST_FILE = "textField Task/Info.plist";
				LD_RUNPATH_SEARCH_PATHS = "$(inherited) @executable_path/Frameworks";
				PRODUCT_BUNDLE_IDENTIFIER = "com.perception.textField-Task";
				PRODUCT_NAME = "$(TARGET_NAME)";
				SWIFT_VERSION = 3.0;
			};
			name = Debug;
		};
		F2CFDE0F1E7A7BBD00F9271A /* Release */ = {
			isa = XCBuildConfiguration;
			buildSettings = {
				ASSETCATALOG_COMPILER_APPICON_NAME = AppIcon;
				INFOPLIST_FILE = "textField Task/Info.plist";
				LD_RUNPATH_SEARCH_PATHS = "$(inherited) @executable_path/Frameworks";
				PRODUCT_BUNDLE_IDENTIFIER = "com.perception.textField-Task";
				PRODUCT_NAME = "$(TARGET_NAME)";
				SWIFT_VERSION = 3.0;
			};
			name = Release;
		};
/* End XCBuildConfiguration section */

/* Begin XCConfigurationList section */
		F2CFDDF61E7A7BBC00F9271A /* Build configuration list for PBXProject "textField Task" */ = {
			isa = XCConfigurationList;
			buildConfigurations = (
				F2CFDE0B1E7A7BBD00F9271A /* Debug */,
				F2CFDE0C1E7A7BBD00F9271A /* Release */,
			);
			defaultConfigurationIsVisible = 0;
			defaultConfigurationName = Release;
		};
		F2CFDE0D1E7A7BBD00F9271A /* Build configuration list for PBXNativeTarget "textField Task" */ = {
			isa = XCConfigurationList;
			buildConfigurations = (
				F2CFDE0E1E7A7BBD00F9271A /* Debug */,
				F2CFDE0F1E7A7BBD00F9271A /* Release */,
			);
			defaultConfigurationIsVisible = 0;
		};
/* End XCConfigurationList section */
	};
	rootObject = F2CFDDF31E7A7BBC00F9271A /* Project object */;
}
